
Microsoft Visual Studio Solution File, Format Version 12.00
# Visual Studio Version 18
VisualStudioVersion = 18.8.12023.21
MinimumVisualStudioVersion = 10.0.40219.1
Project("{2150E333-8FDC-42A3-9474-1A3956D46DE8}") = "Algorithms", "Algorithms", "{5D26F3B0-2769-F421-9ACD-527FA886E1D4}"
EndProject
Project("{FAE04EC0-301F-11D3-BF4B-00C04F79EFBC}") = "Array", "Algorithms\Array\Array.csproj", "{052181F8-1D2E-A142-0B42-1AC68C0DA725}"
EndProject
Project("{FAE04EC0-301F-11D3-BF4B-00C04F79EFBC}") = "Backtracking", "Algorithms\Backtracking\Backtracking.csproj", "{B734248A-49E4-C445-96A1-351309A87E1D}"
EndProject
Project("{FAE04EC0-301F-11D3-BF4B-00C04F79EFBC}") = "BinarySearch", "Algorithms\BinarySearch\BinarySearch.csproj", "{133D84D8-CBD0-203E-E962-71347B4491D7}"
EndProject
Project("{FAE04EC0-301F-11D3-BF4B-00C04F79EFBC}") = "BitManipulation", "Algorithms\BitManipulation\BitManipulation.csproj", "{1791BB07-E2CE-BC3D-AF58-CA4BF43C63D7}"
EndProject
Project("{FAE04EC0-301F-11D3-BF4B-00C04F79EFBC}") = "DynamicProgramming", "Algorithms\DynamicProgramming\DynamicProgramming.csproj", "{251D03E6-B359-F43E-C239-9950546BD353}"
EndProject
Project("{FAE04EC0-301F-11D3-BF4B-00C04F79EFBC}") = "Greedy", "Algorithms\Greedy\Greedy.csproj", "{F399D115-09E8-F3C2-21B1-6A0E0810B9D7}"
EndProject
Project("{FAE04EC0-301F-11D3-BF4B-00C04F79EFBC}") = "HashTable", "Algorithms\HashTable\HashTable.csproj", "{DDC4B311-3DA1-A37D-80AF-11F1F227B855}"
EndProject
Project("{FAE04EC0-301F-11D3-BF4B-00C04F79EFBC}") = "LinkedList", "Algorithms\LinkedList\LinkedList.csproj", "{A8DE6CA4-DA12-6B0C-D018-99A09249DA2C}"
EndProject
Project("{FAE04EC0-301F-11D3-BF4B-00C04F79EFBC}") = "Math", "Algorithms\Math\Math.csproj", "{F89E8AA4-39BC-E0A1-1B9A-E792D7A5AC91}"
EndProject
Project("{FAE04EC0-301F-11D3-BF4B-00C04F79EFBC}") = "Stack", "Algorithms\Stack\Stack.csproj", "{0DAED2A4-B9E8-3206-684D-F028A56694BA}"
EndProject
Project("{FAE04EC0-301F-11D3-BF4B-00C04F79EFBC}") = "String", "Algorithms\String\String.csproj", "{FE75D95A-EF64-96A7-1AEA-318C7DDDBED1}"
EndProject
Project("{FAE04EC0-301F-11D3-BF4B-00C04F79EFBC}") = "Tree", "Algorithms\Tree\Tree.csproj", "{B6B79C0B-5AEA-B9D5-20BE-BACC1DE954E9}"
EndProject
Project("{FAE04EC0-301F-11D3-BF4B-00C04F79EFBC}") = "TwoPointers", "Algorithms\TwoPointers\TwoPointers.csproj", "{06F941CF-D0CD-9FE8-B5F8-EF806A1D929C}"
EndProject
Project("{FAE04EC0-301F-11D3-BF4B-00C04F79EFBC}") = "Common", "Algorithms\Common\Common.csproj", "{4F9CD44F-5D6B-26A7-10E3-F8E35AEF2C6D}"
EndProject
Project("{FAE04EC0-301F-11D3-BF4B-00C04F79EFBC}") = "Sorting", "Algorithms\Sorting\Sorting.csproj", "{4A69825C-5AD2-42FC-BBDB-FAC29366F8AC}"
EndProject
Global
	GlobalSection(SolutionConfigurationPlatforms) = preSolution
		Debug|Any CPU = Debug|Any CPU
		Debug|x64 = Debug|x64
		Debug|x86 = Debug|x86
		Release|Any CPU = Release|Any CPU
		Release|x64 = Release|x64
		Release|x86 = Release|x86
	EndGlobalSection
	GlobalSection(ProjectConfigurationPlatforms) = postSolution
		{052181F8-1D2E-A142-0B42-1AC68C0DA725}.Debug|Any CPU.ActiveCfg = Debug|Any CPU
		{052181F8-1D2E-A142-0B42-1AC68C0DA725}.Debug|Any CPU.Build.0 = Debug|Any CPU
		{052181F8-1D2E-A142-0B42-1AC68C0DA725}.Debug|x64.ActiveCfg = Debug|Any CPU
		{052181F8-1D2E-A142-0B42-1AC68C0DA725}.Debug|x64.Build.0 = Debug|Any CPU
		{052181F8-1D2E-A142-0B42-1AC68C0DA725}.Debug|x86.ActiveCfg = Debug|Any CPU
		{052181F8-1D2E-A142-0B42-1AC68C0DA725}.Debug|x86.Build.0 = Debug|Any CPU
		{052181F8-1D2E-A142-0B42-1AC68C0DA725}.Release|Any CPU.ActiveCfg = Release|Any CPU
		{052181F8-1D2E-A142-0B42-1AC68C0DA725}.Release|Any CPU.Build.0 = Release|Any CPU
		{052181F8-1D2E-A142-0B42-1AC68C0DA725}.Release|x64.ActiveCfg = Release|Any CPU
		{052181F8-1D2E-A142-0B42-1AC68C0DA725}.Release|x64.Build.0 = Release|Any CPU
		{052181F8-1D2E-A142-0B42-1AC68C0DA725}.Release|x86.ActiveCfg = Release|Any CPU
		{052181F8-1D2E-A142-0B42-1AC68C0DA725}.Release|x86.Build.0 = Release|Any CPU
		{B734248A-49E4-C445-96A1-351309A87E1D}.Debug|Any CPU.ActiveCfg = Debug|Any CPU
		{B734248A-49E4-C445-96A1-351309A87E1D}.Debug|Any CPU.Build.0 = Debug|Any CPU
		{B734248A-49E4-C445-96A1-351309A87E1D}.Debug|x64.ActiveCfg = Debug|Any CPU
		{B734248A-49E4-C445-96A1-351309A87E1D}.Debug|x64.Build.0 = Debug|Any CPU
		{B734248A-49E4-C445-96A1-351309A87E1D}.Debug|x86.ActiveCfg = Debug|Any CPU
		{B734248A-49E4-C445-96A1-351309A87E1D}.Debug|x86.Build.0 = Debug|Any CPU
		{B734248A-49E4-C445-96A1-351309A87E1D}.Release|Any CPU.ActiveCfg = Release|Any CPU
		{B734248A-49E4-C445-96A1-351309A87E1D}.Release|Any CPU.Build.0 = Release|Any CPU
		{B734248A-49E4-C445-96A1-351309A87E1D}.Release|x64.ActiveCfg = Release|Any CPU
		{B734248A-49E4-C445-96A1-351309A87E1D}.Release|x64.Build.0 = Release|Any CPU
		{B734248A-49E4-C445-96A1-351309A87E1D}.Release|x86.ActiveCfg = Release|Any CPU
		{B734248A-49E4-C445-96A1-351309A87E1D}.Release|x86.Build.0 = Release|Any CPU
		{133D84D8-CBD0-203E-E962-71347B4491D7}.Debug|Any CPU.ActiveCfg = Debug|Any CPU
		{133D84D8-CBD0-203E-E962-71347B4491D7}.Debug|Any CPU.Build.0 = Debug|Any CPU
		{133D84D8-CBD0-203E-E962-71347B4491D7}.Debug|x64.ActiveCfg = Debug|Any CPU
		{133D84D8-CBD0-203E-E962-71347B4491D7}.Debug|x64.Build.0 = Debug|Any CPU
		{133D84D8-CBD0-203E-E962-71347B4491D7}.Debug|x86.ActiveCfg = Debug|Any CPU
		{133D84D8-CBD0-203E-E962-71347B4491D7}.Debug|x86.Build.0 = Debug|Any CPU
		{133D84D8-CBD0-203E-E962-71347B4491D7}.Release|Any CPU.ActiveCfg = Release|Any CPU
		{133D84D8-CBD0-203E-E962-71347B4491D7}.Release|Any CPU.Build.0 = Release|Any CPU
		{133D84D8-CBD0-203E-E962-71347B4491D7}.Release|x64.ActiveCfg = Release|Any CPU
		{133D84D8-CBD0-203E-E962-71347B4491D7}.Release|x64.Build.0 = Release|Any CPU
		{133D84D8-CBD0-203E-E962-71347B4491D7}.Release|x86.ActiveCfg = Release|Any CPU
		{133D84D8-CBD0-203E-E962-71347B4491D7}.Release|x86.Build.0 = Release|Any CPU
		{1791BB07-E2CE-BC3D-AF58-CA4BF43C63D7}.Debug|Any CPU.ActiveCfg = Debug|Any CPU
		{1791BB07-E2CE-BC3D-AF58-CA4BF43C63D7}.Debug|Any CPU.Build.0 = Debug|Any CPU
		{1791BB07-E2CE-BC3D-AF58-CA4BF43C63D7}.Debug|x64.ActiveCfg = Debug|Any CPU
		{1791BB07-E2CE-BC3D-AF58-CA4BF43C63D7}.Debug|x64.Build.0 = Debug|Any CPU
		{1791BB07-E2CE-BC3D-AF58-CA4BF43C63D7}.Debug|x86.ActiveCfg = Debug|Any CPU
		{1791BB07-E2CE-BC3D-AF58-CA4BF43C63D7}.Debug|x86.Build.0 = Debug|Any CPU
		{1791BB07-E2CE-BC3D-AF58-CA4BF43C63D7}.Release|Any CPU.ActiveCfg = Release|Any CPU
		{1791BB07-E2CE-BC3D-AF58-CA4BF43C63D7}.Release|Any CPU.Build.0 = Release|Any CPU
		{1791BB07-E2CE-BC3D-AF58-CA4BF43C63D7}.Release|x64.ActiveCfg = Release|Any CPU
		{1791BB07-E2CE-BC3D-AF58-CA4BF43C63D7}.Release|x64.Build.0 = Release|Any CPU
		{1791BB07-E2CE-BC3D-AF58-CA4BF43C63D7}.Release|x86.ActiveCfg = Release|Any CPU
		{1791BB07-E2CE-BC3D-AF58-CA4BF43C63D7}.Release|x86.Build.0 = Release|Any CPU
		{251D03E6-B359-F43E-C239-9950546BD353}.Debug|Any CPU.ActiveCfg = Debug|Any CPU
		{251D03E6-B359-F43E-C239-9950546BD353}.Debug|Any CPU.Build.0 = Debug|Any CPU
		{251D03E6-B359-F43E-C239-9950546BD353}.Debug|x64.ActiveCfg = Debug|Any CPU
		{251D03E6-B359-F43E-C239-9950546BD353}.Debug|x64.Build.0 = Debug|Any CPU
		{251D03E6-B359-F43E-C239-9950546BD353}.Debug|x86.ActiveCfg = Debug|Any CPU
		{251D03E6-B359-F43E-C239-9950546BD353}.Debug|x86.Build.0 = Debug|Any CPU
		{251D03E6-B359-F43E-C239-9950546BD353}.Release|Any CPU.ActiveCfg = Release|Any CPU
		{251D03E6-B359-F43E-C239-9950546BD353}.Release|Any CPU.Build.0 = Release|Any CPU
		{251D03E6-B359-F43E-C239-9950546BD353}.Release|x64.ActiveCfg = Release|Any CPU
		{251D03E6-B359-F43E-C239-9950546BD353}.Release|x64.Build.0 = Release|Any CPU
		{251D03E6-B359-F43E-C239-9950546BD353}.Release|x86.ActiveCfg = Release|Any CPU
		{251D03E6-B359-F43E-C239-9950546BD353}.Release|x86.Build.0 = Release|Any CPU
		{F399D115-09E8-F3C2-21B1-6A0E0810B9D7}.Debug|Any CPU.ActiveCfg = Debug|Any CPU
		{F399D115-09E8-F3C2-21B1-6A0E0810B9D7}.Debug|Any CPU.Build.0 = Debug|Any CPU
		{F399D115-09E8-F3C2-21B1-6A0E0810B9D7}.Debug|x64.ActiveCfg = Debug|Any CPU
		{F399D115-09E8-F3C2-21B1-6A0E0810B9D7}.Debug|x64.Build.0 = Debug|Any CPU
		{F399D115-09E8-F3C2-21B1-6A0E0810B9D7}.Debug|x86.ActiveCfg = Debug|Any CPU
		{F399D115-09E8-F3C2-21B1-6A0E0810B9D7}.Debug|x86.Build.0 = Debug|Any CPU
		{F399D115-09E8-F3C2-21B1-6A0E0810B9D7}.Release|Any CPU.ActiveCfg = Release|Any CPU
		{F399D115-09E8-F3C2-21B1-6A0E0810B9D7}.Release|Any CPU.Build.0 = Release|Any CPU
		{F399D115-09E8-F3C2-21B1-6A0E0810B9D7}.Release|x64.ActiveCfg = Release|Any CPU
		{F399D115-09E8-F3C2-21B1-6A0E0810B9D7}.Release|x64.Build.0 = Release|Any CPU
		{F399D115-09E8-F3C2-21B1-6A0E0810B9D7}.Release|x86.ActiveCfg = Release|Any CPU
		{F399D115-09E8-F3C2-21B1-6A0E0810B9D7}.Release|x86.Build.0 = Release|Any CPU
		{DDC4B311-3DA1-A37D-80AF-11F1F227B855}.Debug|Any CPU.ActiveCfg = Debug|Any CPU
		{DDC4B311-3DA1-A37D-80AF-11F1F227B855}.Debug|Any CPU.Build.0 = Debug|Any CPU
		{DDC4B311-3DA1-A37D-80AF-11F1F227B855}.Debug|x64.ActiveCfg = Debug|Any CPU
		{DDC4B311-3DA1-A37D-80AF-11F1F227B855}.Debug|x64.Build.0 = Debug|Any CPU
		{DDC4B311-3DA1-A37D-80AF-11F1F227B855}.Debug|x86.ActiveCfg = Debug|Any CPU
		{DDC4B311-3DA1-A37D-80AF-11F1F227B855}.Debug|x86.Build.0 = Debug|Any CPU
		{DDC4B311-3DA1-A37D-80AF-11F1F227B855}.Release|Any CPU.ActiveCfg = Release|Any CPU
		{DDC4B311-3DA1-A37D-80AF-11F1F227B855}.Release|Any CPU.Build.0 = Release|Any CPU
		{DDC4B311-3DA1-A37D-80AF-11F1F227B855}.Release|x64.ActiveCfg = Release|Any CPU
		{DDC4B311-3DA1-A37D-80AF-11F1F227B855}.Release|x64.Build.0 = Release|Any CPU
		{DDC4B311-3DA1-A37D-80AF-11F1F227B855}.Release|x86.ActiveCfg = Release|Any CPU
		{DDC4B311-3DA1-A37D-80AF-11F1F227B855}.Release|x86.Build.0 = Release|Any CPU
		{A8DE6CA4-DA12-6B0C-D018-99A09249DA2C}.Debug|Any CPU.ActiveCfg = Debug|Any CPU
		{A8DE6CA4-DA12-6B0C-D018-99A09249DA2C}.Debug|Any CPU.Build.0 = Debug|Any CPU
		{A8DE6CA4-DA12-6B0C-D018-99A09249DA2C}.Debug|x64.ActiveCfg = Debug|Any CPU
		{A8DE6CA4-DA12-6B0C-D018-99A09249DA2C}.Debug|x64.Build.0 = Debug|Any CPU
		{A8DE6CA4-DA12-6B0C-D018-99A09249DA2C}.Debug|x86.ActiveCfg = Debug|Any CPU
		{A8DE6CA4-DA12-6B0C-D018-99A09249DA2C}.Debug|x86.Build.0 = Debug|Any CPU
		{A8DE6CA4-DA12-6B0C-D018-99A09249DA2C}.Release|Any CPU.ActiveCfg = Release|Any CPU
		{A8DE6CA4-DA12-6B0C-D018-99A09249DA2C}.Release|Any CPU.Build.0 = Release|Any CPU
		{A8DE6CA4-DA12-6B0C-D018-99A09249DA2C}.Release|x64.ActiveCfg = Release|Any CPU
		{A8DE6CA4-DA12-6B0C-D018-99A09249DA2C}.Release|x64.Build.0 = Release|Any CPU
		{A8DE6CA4-DA12-6B0C-D018-99A09249DA2C}.Release|x86.ActiveCfg = Release|Any CPU
		{A8DE6CA4-DA12-6B0C-D018-99A09249DA2C}.Release|x86.Build.0 = Release|Any CPU
		{F89E8AA4-39BC-E0A1-1B9A-E792D7A5AC91}.Debug|Any CPU.ActiveCfg = Debug|Any CPU
		{F89E8AA4-39BC-E0A1-1B9A-E792D7A5AC91}.Debug|Any CPU.Build.0 = Debug|Any CPU
		{F89E8AA4-39BC-E0A1-1B9A-E792D7A5AC91}.Debug|x64.ActiveCfg = Debug|Any CPU
		{F89E8AA4-39BC-E0A1-1B9A-E792D7A5AC91}.Debug|x64.Build.0 = Debug|Any CPU
		{F89E8AA4-39BC-E0A1-1B9A-E792D7A5AC91}.Debug|x86.ActiveCfg = Debug|Any CPU
		{F89E8AA4-39BC-E0A1-1B9A-E792D7A5AC91}.Debug|x86.Build.0 = Debug|Any CPU
		{F89E8AA4-39BC-E0A1-1B9A-E792D7A5AC91}.Release|Any CPU.ActiveCfg = Release|Any CPU
		{F89E8AA4-39BC-E0A1-1B9A-E792D7A5AC91}.Release|Any CPU.Build.0 = Release|Any CPU
		{F89E8AA4-39BC-E0A1-1B9A-E792D7A5AC91}.Release|x64.ActiveCfg = Release|Any CPU
		{F89E8AA4-39BC-E0A1-1B9A-E792D7A5AC91}.Release|x64.Build.0 = Release|Any CPU
		{F89E8AA4-39BC-E0A1-1B9A-E792D7A5AC91}.Release|x86.ActiveCfg = Release|Any CPU
		{F89E8AA4-39BC-E0A1-1B9A-E792D7A5AC91}.Release|x86.Build.0 = Release|Any CPU
		{0DAED2A4-B9E8-3206-684D-F028A56694BA}.Debug|Any CPU.ActiveCfg = Debug|Any CPU
		{0DAED2A4-B9E8-3206-684D-F028A56694BA}.Debug|Any CPU.Build.0 = Debug|Any CPU
		{0DAED2A4-B9E8-3206-684D-F028A56694BA}.Debug|x64.ActiveCfg = Debug|Any CPU
		{0DAED2A4-B9E8-3206-684D-F028A56694BA}.Debug|x64.Build.0 = Debug|Any CPU
		{0DAED2A4-B9E8-3206-684D-F028A56694BA}.Debug|x86.ActiveCfg = Debug|Any CPU
		{0DAED2A4-B9E8-3206-684D-F028A56694BA}.Debug|x86.Build.0 = Debug|Any CPU
		{0DAED2A4-B9E8-3206-684D-F028A56694BA}.Release|Any CPU.ActiveCfg = Release|Any CPU
		{0DAED2A4-B9E8-3206-684D-F028A56694BA}.Release|Any CPU.Build.0 = Release|Any CPU
		{0DAED2A4-B9E8-3206-684D-F028A56694BA}.Release|x64.ActiveCfg = Release|Any CPU
		{0DAED2A4-B9E8-3206-684D-F028A56694BA}.Release|x64.Build.0 = Release|Any CPU
		{0DAED2A4-B9E8-3206-684D-F028A56694BA}.Release|x86.ActiveCfg = Release|Any CPU
		{0DAED2A4-B9E8-3206-684D-F028A56694BA}.Release|x86.Build.0 = Release|Any CPU
		{FE75D95A-EF64-96A7-1AEA-318C7DDDBED1}.Debug|Any CPU.ActiveCfg = Debug|Any CPU
		{FE75D95A-EF64-96A7-1AEA-318C7DDDBED1}.Debug|Any CPU.Build.0 = Debug|Any CPU
		{FE75D95A-EF64-96A7-1AEA-318C7DDDBED1}.Debug|x64.ActiveCfg = Debug|Any CPU
		{FE75D95A-EF64-96A7-1AEA-318C7DDDBED1}.Debug|x64.Build.0 = Debug|Any CPU
		{FE75D95A-EF64-96A7-1AEA-318C7DDDBED1}.Debug|x86.ActiveCfg = Debug|Any CPU
		{FE75D95A-EF64-96A7-1AEA-318C7DDDBED1}.Debug|x86.Build.0 = Debug|Any CPU
		{FE75D95A-EF64-96A7-1AEA-318C7DDDBED1}.Release|Any CPU.ActiveCfg = Release|Any CPU
		{FE75D95A-EF64-96A7-1AEA-318C7DDDBED1}.Release|Any CPU.Build.0 = Release|Any CPU
		{FE75D95A-EF64-96A7-1AEA-318C7DDDBED1}.Release|x64.ActiveCfg = Release|Any CPU
		{FE75D95A-EF64-96A7-1AEA-318C7DDDBED1}.Release|x64.Build.0 = Release|Any CPU
		{FE75D95A-EF64-96A7-1AEA-318C7DDDBED1}.Release|x86.ActiveCfg = Release|Any CPU
		{FE75D95A-EF64-96A7-1AEA-318C7DDDBED1}.Release|x86.Build.0 = Release|Any CPU
		{B6B79C0B-5AEA-B9D5-20BE-BACC1DE954E9}.Debug|Any CPU.ActiveCfg = Debug|Any CPU
		{B6B79C0B-5AEA-B9D5-20BE-BACC1DE954E9}.Debug|Any CPU.Build.0 = Debug|Any CPU
		{B6B79C0B-5AEA-B9D5-20BE-BACC1DE954E9}.Debug|x64.ActiveCfg = Debug|Any CPU
		{B6B79C0B-5AEA-B9D5-20BE-BACC1DE954E9}.Debug|x64.Build.0 = Debug|Any CPU
		{B6B79C0B-5AEA-B9D5-20BE-BACC1DE954E9}.Debug|x86.ActiveCfg = Debug|Any CPU
		{B6B79C0B-5AEA-B9D5-20BE-BACC1DE954E9}.Debug|x86.Build.0 = Debug|Any CPU
		{B6B79C0B-5AEA-B9D5-20BE-BACC1DE954E9}.Release|Any CPU.ActiveCfg = Release|Any CPU
		{B6B79C0B-5AEA-B9D5-20BE-BACC1DE954E9}.Release|Any CPU.Build.0 = Release|Any CPU
		{B6B79C0B-5AEA-B9D5-20BE-BACC1DE954E9}.Release|x64.ActiveCfg = Release|Any CPU
		{B6B79C0B-5AEA-B9D5-20BE-BACC1DE954E9}.Release|x64.Build.0 = Release|Any CPU
		{B6B79C0B-5AEA-B9D5-20BE-BACC1DE954E9}.Release|x86.ActiveCfg = Release|Any CPU
		{B6B79C0B-5AEA-B9D5-20BE-BACC1DE954E9}.Release|x86.Build.0 = Release|Any CPU
		{06F941CF-D0CD-9FE8-B5F8-EF806A1D929C}.Debug|Any CPU.ActiveCfg = Debug|Any CPU
		{06F941CF-D0CD-9FE8-B5F8-EF806A1D929C}.Debug|Any CPU.Build.0 = Debug|Any CPU
		{06F941CF-D0CD-9FE8-B5F8-EF806A1D929C}.Debug|x64.ActiveCfg = Debug|Any CPU
		{06F941CF-D0CD-9FE8-B5F8-EF806A1D929C}.Debug|x64.Build.0 = Debug|Any CPU
		{06F941CF-D0CD-9FE8-B5F8-EF806A1D929C}.Debug|x86.ActiveCfg = Debug|Any CPU
		{06F941CF-D0CD-9FE8-B5F8-EF806A1D929C}.Debug|x86.Build.0 = Debug|Any CPU
		{06F941CF-D0CD-9FE8-B5F8-EF806A1D929C}.Release|Any CPU.ActiveCfg = Release|Any CPU
		{06F941CF-D0CD-9FE8-B5F8-EF806A1D929C}.Release|Any CPU.Build.0 = Release|Any CPU
		{06F941CF-D0CD-9FE8-B5F8-EF806A1D929C}.Release|x64.ActiveCfg = Release|Any CPU
		{06F941CF-D0CD-9FE8-B5F8-EF806A1D929C}.Release|x64.Build.0 = Release|Any CPU
		{06F941CF-D0CD-9FE8-B5F8-EF806A1D929C}.Release|x86.ActiveCfg = Release|Any CPU
		{06F941CF-D0CD-9FE8-B5F8-EF806A1D929C}.Release|x86.Build.0 = Release|Any CPU
		{4F9CD44F-5D6B-26A7-10E3-F8E35AEF2C6D}.Debug|Any CPU.ActiveCfg = Debug|Any CPU
		{4F9CD44F-5D6B-26A7-10E3-F8E35AEF2C6D}.Debug|Any CPU.Build.0 = Debug|Any CPU
		{4F9CD44F-5D6B-26A7-10E3-F8E35AEF2C6D}.Debug|x64.ActiveCfg = Debug|Any CPU
		{4F9CD44F-5D6B-26A7-10E3-F8E35AEF2C6D}.Debug|x64.Build.0 = Debug|Any CPU
		{4F9CD44F-5D6B-26A7-10E3-F8E35AEF2C6D}.Debug|x86.ActiveCfg = Debug|Any CPU
		{4F9CD44F-5D6B-26A7-10E3-F8E35AEF2C6D}.Debug|x86.Build.0 = Debug|Any CPU
		{4F9CD44F-5D6B-26A7-10E3-F8E35AEF2C6D}.Release|Any CPU.ActiveCfg = Release|Any CPU
		{4F9CD44F-5D6B-26A7-10E3-F8E35AEF2C6D}.Release|Any CPU.Build.0 = Release|Any CPU
		{4F9CD44F-5D6B-26A7-10E3-F8E35AEF2C6D}.Release|x64.ActiveCfg = Release|Any CPU
		{4F9CD44F-5D6B-26A7-10E3-F8E35AEF2C6D}.Release|x64.Build.0 = Release|Any CPU
		{4F9CD44F-5D6B-26A7-10E3-F8E35AEF2C6D}.Release|x86.ActiveCfg = Release|Any CPU
		{4F9CD44F-5D6B-26A7-10E3-F8E35AEF2C6D}.Release|x86.Build.0 = Release|Any CPU
		{4A69825C-5AD2-42FC-BBDB-FAC29366F8AC}.Debug|Any CPU.ActiveCfg = Debug|Any CPU
		{4A69825C-5AD2-42FC-BBDB-FAC29366F8AC}.Debug|Any CPU.Build.0 = Debug|Any CPU
		{4A69825C-5AD2-42FC-BBDB-FAC29366F8AC}.Debug|x64.ActiveCfg = Debug|Any CPU
		{4A69825C-5AD2-42FC-BBDB-FAC29366F8AC}.Debug|x64.Build.0 = Debug|Any CPU
		{4A69825C-5AD2-42FC-BBDB-FAC29366F8AC}.Debug|x86.ActiveCfg = Debug|Any CPU
		{4A69825C-5AD2-42FC-BBDB-FAC29366F8AC}.Debug|x86.Build.0 = Debug|Any CPU
		{4A69825C-5AD2-42FC-BBDB-FAC29366F8AC}.Release|Any CPU.ActiveCfg = Release|Any CPU
		{4A69825C-5AD2-42FC-BBDB-FAC29366F8AC}.Release|Any CPU.Build.0 = Release|Any CPU
		{4A69825C-5AD2-42FC-BBDB-FAC29366F8AC}.Release|x64.ActiveCfg = Release|Any CPU
		{4A69825C-5AD2-42FC-BBDB-FAC29366F8AC}.Release|x64.Build.0 = Release|Any CPU
		{4A69825C-5AD2-42FC-BBDB-FAC29366F8AC}.Release|x86.ActiveCfg = Release|Any CPU
		{4A69825C-5AD2-42FC-BBDB-FAC29366F8AC}.Release|x86.Build.0 = Release|Any CPU
	EndGlobalSection
	GlobalSection(SolutionProperties) = preSolution
		HideSolutionNode = FALSE
	EndGlobalSection
	GlobalSection(NestedProjects) = preSolution
		{052181F8-1D2E-A142-0B42-1AC68C0DA725} = {5D26F3B0-2769-F421-9ACD-527FA886E1D4}
		{B734248A-49E4-C445-96A1-351309A87E1D} = {5D26F3B0-2769-F421-9ACD-527FA886E1D4}
		{133D84D8-CBD0-203E-E962-71347B4491D7} = {5D26F3B0-2769-F421-9ACD-527FA886E1D4}
		{1791BB07-E2CE-BC3D-AF58-CA4BF43C63D7} = {5D26F3B0-2769-F421-9ACD-527FA886E1D4}
		{251D03E6-B359-F43E-C239-9950546BD353} = {5D26F3B0-2769-F421-9ACD-527FA886E1D4}
		{F399D115-09E8-F3C2-21B1-6A0E0810B9D7} = {5D26F3B0-2769-F421-9ACD-527FA886E1D4}
		{DDC4B311-3DA1-A37D-80AF-11F1F227B855} = {5D26F3B0-2769-F421-9ACD-527FA886E1D4}
		{A8DE6CA4-DA12-6B0C-D018-99A09249DA2C} = {5D26F3B0-2769-F421-9ACD-527FA886E1D4}
		{F89E8AA4-39BC-E0A1-1B9A-E792D7A5AC91} = {5D26F3B0-2769-F421-9ACD-527FA886E1D4}
		{0DAED2A4-B9E8-3206-684D-F028A56694BA} = {5D26F3B0-2769-F421-9ACD-527FA886E1D4}
		{FE75D95A-EF64-96A7-1AEA-318C7DDDBED1} = {5D26F3B0-2769-F421-9ACD-527FA886E1D4}
		{B6B79C0B-5AEA-B9D5-20BE-BACC1DE954E9} = {5D26F3B0-2769-F421-9ACD-527FA886E1D4}
		{06F941CF-D0CD-9FE8-B5F8-EF806A1D929C} = {5D26F3B0-2769-F421-9ACD-527FA886E1D4}
		{4F9CD44F-5D6B-26A7-10E3-F8E35AEF2C6D} = {5D26F3B0-2769-F421-9ACD-527FA886E1D4}
		{4A69825C-5AD2-42FC-BBDB-FAC29366F8AC} = {5D26F3B0-2769-F421-9ACD-527FA886E1D4}
	EndGlobalSection
	GlobalSection(ExtensibilityGlobals) = postSolution
		SolutionGuid = {D2023D2E-0A6D-4B62-9FD8-5E5BC91B11EE}
	EndGlobalSection
EndGlobal
