
Microsoft Visual Studio Solution File, Format Version 12.00
# Visual Studio Version 17
VisualStudioVersion = 17.2.32616.157
MinimumVisualStudioVersion = 10.0.40219.1
Project("{FAE04EC0-301F-11D3-BF4B-00C04F79EFBC}") = "Algorithms", "Algorithms\Algorithms.csproj", "{503B92F7-67B0-4382-99AA-1415F9DB7426}"
EndProject
Global
	GlobalSection(SolutionConfigurationPlatforms) = preSolution
		Debug|Any CPU = Debug|Any CPU
		Release|Any CPU = Release|Any CPU
	EndGlobalSection
	GlobalSection(ProjectConfigurationPlatforms) = postSolution
		{503B92F7-67B0-4382-99AA-1415F9DB7426}.Debug|Any CPU.ActiveCfg = Debug|Any CPU
		{503B92F7-67B0-4382-99AA-1415F9DB7426}.Debug|Any CPU.Build.0 = Debug|Any CPU
		{503B92F7-67B0-4382-99AA-1415F9DB7426}.Release|Any CPU.ActiveCfg = Release|Any CPU
		{503B92F7-67B0-4382-99AA-1415F9DB7426}.Release|Any CPU.Build.0 = Release|Any CPU
	EndGlobalSection
	GlobalSection(SolutionProperties) = preSolution
		HideSolutionNode = FALSE
	EndGlobalSection
	GlobalSection(ExtensibilityGlobals) = postSolution
		SolutionGuid = {D2023D2E-0A6D-4B62-9FD8-5E5BC91B11EE}
	EndGlobalSection
EndGlobal
